{
  "name": "miniprogram-3",
  "lockfileVersion": 2,
  "requires": true,
  "packages": {
    "": {
      "dependencies": {
        "@vant/weapp": "^1.10.24",
        "dayjs": "^1.11.9"
      }
    },
    "node_modules/@vant/weapp": {
      "version": "1.10.24",
      "resolved": "https://repo.huaweicloud.com/repository/npm/@vant/weapp/-/weapp-1.10.24.tgz",
      "integrity": "sha512-oovAaaJq3mlB+wto5bHVCn/rov8IgRDg+gJXy6hPX0A3c9WF1GqLqSmoXyaktgidJ9IaV1RADd3PAFlw4lUsnQ==",
      "license": "MIT"
    },
    "node_modules/dayjs": {
      "version": "1.11.9",
      "resolved": "https://repo.huaweicloud.com/repository/npm/dayjs/-/dayjs-1.11.9.tgz",
      "integrity": "sha512-QvzAURSbQ0pKdIye2txOzNaHmxtUBXerpY0FJsFXUMKbIZeFm5ht1LS/jFsrncjnmtv8HsG0W2g6c0zUjZWmpA==",
      "license": "MIT"
    }
  },
  "dependencies": {
    "@vant/weapp": {
      "version": "1.10.24",
      "resolved": "https://repo.huaweicloud.com/repository/npm/@vant/weapp/-/weapp-1.10.24.tgz",
      "integrity": "sha512-oovAaaJq3mlB+wto5bHVCn/rov8IgRDg+gJXy6hPX0A3c9WF1GqLqSmoXyaktgidJ9IaV1RADd3PAFlw4lUsnQ=="
    },
    "dayjs": {
      "version": "1.11.9",
      "resolved": "https://repo.huaweicloud.com/repository/npm/dayjs/-/dayjs-1.11.9.tgz",
      "integrity": "sha512-QvzAURSbQ0pKdIye2txOzNaHmxtUBXerpY0FJsFXUMKbIZeFm5ht1LS/jFsrncjnmtv8HsG0W2g6c0zUjZWmpA=="
    }
  }
}
